
Microsoft Visual Studio Solution File, Format Version 12.00
# Visual Studio Version 17
VisualStudioVersion = 17.4.33122.133
MinimumVisualStudioVersion = 10.0.40219.1
Project("{FAE04EC0-301F-11D3-BF4B-00C04F79EFBC}") = "master1", "master1\master1.csproj", "{E19366A9-9A99-4608-9B3D-5945E06A4C9E}"
EndProject
Global
	GlobalSection(SolutionConfigurationPlatforms) = preSolution
		Debug|Any CPU = Debug|Any CPU
		Release|Any CPU = Release|Any CPU
	EndGlobalSection
	GlobalSection(ProjectConfigurationPlatforms) = postSolution
		{E19366A9-9A99-4608-9B3D-5945E06A4C9E}.Debug|Any CPU.ActiveCfg = Debug|Any CPU
		{E19366A9-9A99-4608-9B3D-5945E06A4C9E}.Debug|Any CPU.Build.0 = Debug|Any CPU
		{E19366A9-9A99-4608-9B3D-5945E06A4C9E}.Release|Any CPU.ActiveCfg = Release|Any CPU
		{E19366A9-9A99-4608-9B3D-5945E06A4C9E}.Release|Any CPU.Build.0 = Release|Any CPU
	EndGlobalSection
	GlobalSection(SolutionProperties) = preSolution
		HideSolutionNode = FALSE
	EndGlobalSection
	GlobalSection(ExtensibilityGlobals) = postSolution
		SolutionGuid = {F1CD0FD8-0E9F-4852-AA30-145C1F5EA47F}
	EndGlobalSection
EndGlobal
